github.com/gethugothemes/hugo-modules/accordion v0.0.0-20251201044043-2bed50ee369b h1:F3H9nMr3vZiEjDeusF2zmN9rWHEI9k/ZQbz7R8JAZwg=
github.com/gethugothemes/hugo-modules/accordion v0.0.0-20251201044043-2bed50ee369b/go.mod h1:D4DpauKPDcUHI9CVKYmJeO6bkSJIhUN864TyXZ2o0VI=
github.com/gethugothemes/hugo-modules/adsense v0.0.0-20251201044043-2bed50ee369b h1:qfPZOfuMr/kXIYrBSOJRYZKagFMIim/I2U7YJTwP4Is=
github.com/gethugothemes/hugo-modules/adsense v0.0.0-20251201044043-2bed50ee369b/go.mod h1:8p/gG/cyyu20z4q5cFN/JGE5TOFA55Xsp+aIP9KCsqo=
github.com/gethugothemes/hugo-modules/components/announcement v0.0.0-20251201044043-2bed50ee369b h1:766xTPb8ENnXBOmVpznioFxOdw1yWchKfsLQoPEXkZE=
github.com/gethugothemes/hugo-modules/components/announcement v0.0.0-20251201044043-2bed50ee369b/go.mod h1:BO6vbFLvEgb45epi/QtUkQmTyqsWSwxIqTpwDvqJFHk=
github.com/gethugothemes/hugo-modules/components/cookie-consent v0.0.0-20251201044043-2bed50ee369b h1:P+idBxMHy+/Au5o0V2vlJEDm0J8euZwzkUWCMi2Ihco=
github.com/gethugothemes/hugo-modules/components/cookie-consent v0.0.0-20251201044043-2bed50ee369b/go.mod h1:511ERLpGe3ZTfV2z/NAtUSR5NqKF26h9z5lU/zYV4YQ=
github.com/gethugothemes/hugo-modules/components/custom-script v0.0.0-20251201044043-2bed50ee369b h1:fhD1cphpQJ70X/RC6UtEhWTw1ZOZwXYJGav4diZQxDs=
github.com/gethugothemes/hugo-modules/components/custom-script v0.0.0-20251201044043-2bed50ee369b/go.mod h1:RuDHq4WnK8sNEzAIJr4BZQ7oXhzcct/EKaAxc2Xvi9E=
github.com/gethugothemes/hugo-modules/components/preloader v0.0.0-20251201044043-2bed50ee369b h1:CwnKLT03n/BfIBu/jP/Q8tiqnUrl0HtL9JagTSAzgt0=
github.com/gethugothemes/hugo-modules/components/preloader v0.0.0-20251201044043-2bed50ee369b/go.mod h1:FP0iQ3tMOesuWFZhLst2KEvUEYPb5Jk1GW+QBP9lrwg=
github.com/gethugothemes/hugo-modules/components/render-link v0.0.0-20251201044043-2bed50ee369b h1:0PngAXkKocIs4m9kRBONPCqr8ko+zbeTH9+otnyAID4=
github.com/gethugothemes/hugo-modules/components/render-link v0.0.0-20251201044043-2bed50ee369b/go.mod h1:z3YcIeEBUonAoRDY1/Jv1ojNVkZ5ud35a0Nn8L4Inx0=
github.com/gethugothemes/hugo-modules/components/social-share v0.0.0-20251201044043-2bed50ee369b h1:5PuLAiLWpBQa8ffdw2dSghtQq7OB3L+1FgU4GVlEnNk=
github.com/gethugothemes/hugo-modules/components/social-share v0.0.0-20251201044043-2bed50ee369b/go.mod h1:Gcj4RM/EBECsJMZnPeWjfy/1roRYGqzV9GYNmeHkvFA=
github.com/gethugothemes/hugo-modules/gallery-slider v0.0.0-20251201044043-2bed50ee369b h1:BKqdXk+QPbmahoD48Spls91C0ZkhsJ7RKplQdlBDUPc=
github.com/gethugothemes/hugo-modules/gallery-slider v0.0.0-20251201044043-2bed50ee369b/go.mod h1:MvQ2js/ofZ22CTX5wuvE+dC0rMe6C5HAWL2fEOu/yzE=
github.com/gethugothemes/hugo-modules/gzip-caching v0.0.0-20251201044043-2bed50ee369b h1:ZVsYnCABbgSg0qMqiK4SK+KNal5yqVshZMnuGsXvSXk=
github.com/gethugothemes/hugo-modules/gzip-caching v0.0.0-20251201044043-2bed50ee369b/go.mod h1:0ZMjTZVG4XLZU2/icc8Saqo4mmgMpfRTrUZU2Aa2Pwg=
github.com/gethugothemes/hugo-modules/icons/font-awesome v0.0.0-20251201044043-2bed50ee369b h1:Go5Jn3XeOXVJxKxhovhs64qgyLDy9HS4is5Wz5cQMIM=
github.com/gethugothemes/hugo-modules/icons/font-awesome v0.0.0-20251201044043-2bed50ee369b/go.mod h1:d3gy1vQyfasPmGpau7HpQLrXbOv23PfXclSnjyOBxeU=
github.com/gethugothemes/hugo-modules/images v0.0.0-20251201044043-2bed50ee369b h1:ouHJczjDXfHnrn/lmD4IuvrI0r8H82o/97GlJ2n6Em0=
github.com/gethugothemes/hugo-modules/images v0.0.0-20251201044043-2bed50ee369b/go.mod h1:FKliP3qOW9diIcQeLtyZ0Hdhg3PL8bdAkC/6O+XtU90=
github.com/gethugothemes/hugo-modules/modal v0.0.0-20251201044043-2bed50ee369b h1:grRiiZr47Hcm/lJ4rL+MseWGcaRXnfP/1yZyB+Bqpe4=
github.com/gethugothemes/hugo-modules/modal v0.0.0-20251201044043-2bed50ee369b/go.mod h1:Eb9v7oV6biymfvjcBhQdvgn0gUGYhUtfCMeOBLFpFsk=
github.com/gethugothemes/hugo-modules/pwa v0.0.0-20251201044043-2bed50ee369b h1:WPqNpFs9+sqfztaH6CDMsvgVRgePAZKXQCAa6GAE79s=
github.com/gethugothemes/hugo-modules/pwa v0.0.0-20251201044043-2bed50ee369b/go.mod h1:TRv7iszdfo37O1PbBEE+S8X/enAdpRIxK5DGrp13Qbo=
github.com/gethugothemes/hugo-modules/search v0.0.0-20251201044043-2bed50ee369b h1:Jr3cCepwLbVOw/VG3PavFRqDOX3NSqgT6k59l7tQ1oQ=
github.com/gethugothemes/hugo-modules/search v0.0.0-20251201044043-2bed50ee369b/go.mod h1:tmDvLaZCM+QDvS/WLZXNjY1QTdWh7/68D2wIToECbyA=
github.com/gethugothemes/hugo-modules/seo-tools/basic-seo v0.0.0-20251201044043-2bed50ee369b h1:tDF8AMobJZPK0HKzXw8APVyJkXqQzNLGASNWCI2DcGY=
github.com/gethugothemes/hugo-modules/seo-tools/basic-seo v0.0.0-20251201044043-2bed50ee369b/go.mod h1:Q8dPgjamV7pxwKSQyWV21Xwh5CGi23/k+M8HPTphYbs=
github.com/gethugothemes/hugo-modules/seo-tools/google-tag-manager v0.0.0-20251201044043-2bed50ee369b h1:oxdLdYy/Foaf01mw1Op6A+2sH+qRCijEmZTZZO8nwbw=
github.com/gethugothemes/hugo-modules/seo-tools/google-tag-manager v0.0.0-20251201044043-2bed50ee369b/go.mod h1:cCq50yd55eFTrpqOfeyOK5X0hU5E7qxsqOD7IzTsgLA=
github.com/gethugothemes/hugo-modules/seo-tools/site-verifications v0.0.0-20251201044043-2bed50ee369b h1:8QvRLJljLcoCRs/vpOD/bZ/+5zecPKs/qT3ZoIN+Xkc=
github.com/gethugothemes/hugo-modules/seo-tools/site-verifications v0.0.0-20251201044043-2bed50ee369b/go.mod h1:iXielaya126qJscz7Bc2G2WB91moloQOoWru6UoBUyE=
github.com/gethugothemes/hugo-modules/shortcodes/button v0.0.0-20251201044043-2bed50ee369b h1:eOS2UFu/WxQe7cFtag2pCb/tnsxGbY/SrScJUsLCvOU=
github.com/gethugothemes/hugo-modules/shortcodes/button v0.0.0-20251201044043-2bed50ee369b/go.mod h1:MSvxGvjvcGUKTs6YMATU/9kYFrzW+VSVdy4CCOQLdsY=
github.com/gethugothemes/hugo-modules/shortcodes/mermaid v0.0.0-20251201044043-2bed50ee369b h1:Q+/aCtftRMCdI82oAtCVYUTZOlAB/aEAiaQ0xza2uX4=
github.com/gethugothemes/hugo-modules/shortcodes/mermaid v0.0.0-20251201044043-2bed50ee369b/go.mod h1:q9NMwIt4U1lkYwC/S3tAp6fCIA8jJAsZ2ToDTYq2GvE=
github.com/gethugothemes/hugo-modules/shortcodes/notice v0.0.0-20251201044043-2bed50ee369b h1:xaKLhSiLWBYwdIdwkFeLqG6iEauKDdMDzjB3gTC52yk=
github.com/gethugothemes/hugo-modules/shortcodes/notice v0.0.0-20251201044043-2bed50ee369b/go.mod h1:ljWyMJx82WA+6SlKjbGFhEdxcriyvUTCjXkJHDa4lho=
github.com/gethugothemes/hugo-modules/tab v0.0.0-20251201044043-2bed50ee369b h1:1QqQcmIbLWN4VYo7UbpZuIlox8zpTS3DOWisG4Ed1tU=
github.com/gethugothemes/hugo-modules/tab v0.0.0-20251201044043-2bed50ee369b/go.mod h1:h3UxlxrFoU19JldxWLPBKaTZFe3AJtABrqo1wfxr+Ng=
github.com/gethugothemes/hugo-modules/table-of-contents v0.0.0-20251201044043-2bed50ee369b h1:i5j98Xv0eMsePJR4YJFCmInT627/cRb+eugEIwTjaW8=
github.com/gethugothemes/hugo-modules/table-of-contents v0.0.0-20251201044043-2bed50ee369b/go.mod h1:bEDw4veccQQQYEdVrfu13ATRUWfW8ptDIjJZuhYh4Tw=
github.com/gethugothemes/hugo-modules/videos v0.0.0-20251201044043-2bed50ee369b h1:7A7xRpZaXaN9SVkp9hZEAGDnUi3j4HOZoBAnqRYeYr4=
github.com/gethugothemes/hugo-modules/videos v0.0.0-20251201044043-2bed50ee369b/go.mod h1:P722lLWdnNhdZVq6gvMrOLqECUwrAYQWaOWlChta5H0=
github.com/zeon-studio/hugoplate v0.0.0-20251201044416-6644f1011dc0 h1:mmXY8xOyWd1XP4XnIiCzqTZ5qozPRQAHbSzP3jI8tGQ=
github.com/zeon-studio/hugoplate v0.0.0-20251201044416-6644f1011dc0/go.mod h1:YlRIwdTWidquf1dhtx+mDfu0I3KVrVQB4wi4UmHlK3E=
